
Microsoft Visual Studio Solution File, Format Version 12.00
# Visual Studio Version 18
VisualStudioVersion = 18.1.11312.151 d18.0
MinimumVisualStudioVersion = 10.0.40219.1
Project("{FAE04EC0-301F-11D3-BF4B-00C04F79EFBC}") = "Secretes-Scanner.GitLeaks", "Secretes-Scanner.SDK\Secretes-Scanner.GitLeaks.csproj", "{D3AED9F0-A16E-428D-9296-954E1252CAFE}"
EndProject
Project("{FAE04EC0-301F-11D3-BF4B-00C04F79EFBC}") = "SecretsScanner.Runner", "GitleaksScanner.Runner\SecretsScanner.Runner.csproj", "{CFABDD9E-C81E-4038-911C-15D25CBDD75C}"
EndProject
Project("{FAE04EC0-301F-11D3-BF4B-00C04F79EFBC}") = "SecretsScanner.Abstractions", "SecretsScanner.Abstractions\SecretsScanner.Abstractions.csproj", "{EC79E73D-0F56-4E30-B194-A236BBEC6EE5}"
EndProject
Global
	GlobalSection(SolutionConfigurationPlatforms) = preSolution
		Debug|Any CPU = Debug|Any CPU
		Release|Any CPU = Release|Any CPU
	EndGlobalSection
	GlobalSection(ProjectConfigurationPlatforms) = postSolution
		{D3AED9F0-A16E-428D-9296-954E1252CAFE}.Debug|Any CPU.ActiveCfg = Debug|Any CPU
		{D3AED9F0-A16E-428D-9296-954E1252CAFE}.Debug|Any CPU.Build.0 = Debug|Any CPU
		{D3AED9F0-A16E-428D-9296-954E1252CAFE}.Release|Any CPU.ActiveCfg = Release|Any CPU
		{D3AED9F0-A16E-428D-9296-954E1252CAFE}.Release|Any CPU.Build.0 = Release|Any CPU
		{CFABDD9E-C81E-4038-911C-15D25CBDD75C}.Debug|Any CPU.ActiveCfg = Debug|Any CPU
		{CFABDD9E-C81E-4038-911C-15D25CBDD75C}.Debug|Any CPU.Build.0 = Debug|Any CPU
		{CFABDD9E-C81E-4038-911C-15D25CBDD75C}.Release|Any CPU.ActiveCfg = Release|Any CPU
		{CFABDD9E-C81E-4038-911C-15D25CBDD75C}.Release|Any CPU.Build.0 = Release|Any CPU
		{EC79E73D-0F56-4E30-B194-A236BBEC6EE5}.Debug|Any CPU.ActiveCfg = Debug|Any CPU
		{EC79E73D-0F56-4E30-B194-A236BBEC6EE5}.Debug|Any CPU.Build.0 = Debug|Any CPU
		{EC79E73D-0F56-4E30-B194-A236BBEC6EE5}.Release|Any CPU.ActiveCfg = Release|Any CPU
		{EC79E73D-0F56-4E30-B194-A236BBEC6EE5}.Release|Any CPU.Build.0 = Release|Any CPU
	EndGlobalSection
	GlobalSection(SolutionProperties) = preSolution
		HideSolutionNode = FALSE
	EndGlobalSection
	GlobalSection(ExtensibilityGlobals) = postSolution
		SolutionGuid = {5727FF00-0305-4581-8108-3A79B0A46E3A}
	EndGlobalSection
EndGlobal
